
Microsoft Visual Studio Solution File, Format Version 12.00
# Visual Studio Version 16
VisualStudioVersion = 16.0.31229.75
MinimumVisualStudioVersion = 10.0.40219.1
Project("{2150E333-8FDC-42A3-9474-1A3956D46DE8}") = "src", "src", "{D1272C9F-526F-47AA-9465-B275F818E99C}"
EndProject
Project("{9A19103F-16F7-4668-BE54-9A1E7A4F7556}") = "Elmah.Io.Client.Extensions.SourceCode", "src\Elmah.Io.Client.Extensions.SourceCode\Elmah.Io.Client.Extensions.SourceCode.csproj", "{82F3FD92-2FB5-4614-849E-5D1E536F1D2D}"
EndProject
Project("{2150E333-8FDC-42A3-9474-1A3956D46DE8}") = "samples", "samples", "{46CB3B8A-A664-408F-A1CC-82A02F19E2F2}"
EndProject
Project("{9A19103F-16F7-4668-BE54-9A1E7A4F7556}") = "Elmah.Io.Client.Extensions.SourceCode.PdbSample", "samples\Elmah.Io.Client.Extensions.SourceCode.PdbSample\Elmah.Io.Client.Extensions.SourceCode.PdbSample.csproj", "{38FB0F31-F221-43E7-BD1A-28C83AC4762E}"
EndProject
Project("{9A19103F-16F7-4668-BE54-9A1E7A4F7556}") = "Elmah.Io.Client.Extensions.SourceCode.FileSystem", "samples\Elmah.Io.Client.Extensions.SourceCode.FileSystem\Elmah.Io.Client.Extensions.SourceCode.FileSystem.csproj", "{CEB7DCC3-FF08-4A5A-B8B8-A01D7E0F3E45}"
EndProject
Project("{2150E333-8FDC-42A3-9474-1A3956D46DE8}") = "Solution Items", "Solution Items", "{160420A8-F6ED-423F-BF6C-61C986490796}"
	ProjectSection(SolutionItems) = preProject
		.github\workflows\build.yml = .github\workflows\build.yml
	EndProjectSection
EndProject
Global
	GlobalSection(SolutionConfigurationPlatforms) = preSolution
		Debug|Any CPU = Debug|Any CPU
		Release|Any CPU = Release|Any CPU
	EndGlobalSection
	GlobalSection(ProjectConfigurationPlatforms) = postSolution
		{82F3FD92-2FB5-4614-849E-5D1E536F1D2D}.Debug|Any CPU.ActiveCfg = Debug|Any CPU
		{82F3FD92-2FB5-4614-849E-5D1E536F1D2D}.Debug|Any CPU.Build.0 = Debug|Any CPU
		{82F3FD92-2FB5-4614-849E-5D1E536F1D2D}.Release|Any CPU.ActiveCfg = Release|Any CPU
		{82F3FD92-2FB5-4614-849E-5D1E536F1D2D}.Release|Any CPU.Build.0 = Release|Any CPU
		{38FB0F31-F221-43E7-BD1A-28C83AC4762E}.Debug|Any CPU.ActiveCfg = Debug|Any CPU
		{38FB0F31-F221-43E7-BD1A-28C83AC4762E}.Debug|Any CPU.Build.0 = Debug|Any CPU
		{38FB0F31-F221-43E7-BD1A-28C83AC4762E}.Release|Any CPU.ActiveCfg = Release|Any CPU
		{38FB0F31-F221-43E7-BD1A-28C83AC4762E}.Release|Any CPU.Build.0 = Release|Any CPU
		{CEB7DCC3-FF08-4A5A-B8B8-A01D7E0F3E45}.Debug|Any CPU.ActiveCfg = Debug|Any CPU
		{CEB7DCC3-FF08-4A5A-B8B8-A01D7E0F3E45}.Debug|Any CPU.Build.0 = Debug|Any CPU
		{CEB7DCC3-FF08-4A5A-B8B8-A01D7E0F3E45}.Release|Any CPU.ActiveCfg = Release|Any CPU
		{CEB7DCC3-FF08-4A5A-B8B8-A01D7E0F3E45}.Release|Any CPU.Build.0 = Release|Any CPU
	EndGlobalSection
	GlobalSection(SolutionProperties) = preSolution
		HideSolutionNode = FALSE
	EndGlobalSection
	GlobalSection(NestedProjects) = preSolution
		{82F3FD92-2FB5-4614-849E-5D1E536F1D2D} = {D1272C9F-526F-47AA-9465-B275F818E99C}
		{38FB0F31-F221-43E7-BD1A-28C83AC4762E} = {46CB3B8A-A664-408F-A1CC-82A02F19E2F2}
		{CEB7DCC3-FF08-4A5A-B8B8-A01D7E0F3E45} = {46CB3B8A-A664-408F-A1CC-82A02F19E2F2}
	EndGlobalSection
	GlobalSection(ExtensibilityGlobals) = postSolution
		SolutionGuid = {99057757-175F-4006-AC5E-4C99C0DFC939}
	EndGlobalSection
EndGlobal
